
Microsoft Visual Studio Solution File, Format Version 12.00
# Visual Studio 15
Project("{FAE04EC0-301F-11D3-BF4B-00C04F79EFBC}") = "UnityEngine.UI", "UnityEngine.UI.csproj", "{CDD1704A-1F42-F504-6D6E-9C104F0465AF}"
EndProject
Project("{FAE04EC0-301F-11D3-BF4B-00C04F79EFBC}") = "UnityEngine.TestRunner", "UnityEngine.TestRunner.csproj", "{BF23B7DB-89A1-62BC-751E-A745BA55F2AC}"
EndProject
Project("{FAE04EC0-301F-11D3-BF4B-00C04F79EFBC}") = "Unity.InputSystem", "Unity.InputSystem.csproj", "{DFC0D81F-1DE1-2075-9CF3-8BA407DB3B74}"
EndProject
Project("{FAE04EC0-301F-11D3-BF4B-00C04F79EFBC}") = "Assembly-CSharp", "Assembly-CSharp.csproj", "{844DA2E6-F436-2613-5B42-3215A172D0B4}"
EndProject
Project("{FAE04EC0-301F-11D3-BF4B-00C04F79EFBC}") = "Unity.Timeline", "Unity.Timeline.csproj", "{5A85EF9D-B7C5-AA8E-5F25-EFF59E14E0DE}"
EndProject
Project("{FAE04EC0-301F-11D3-BF4B-00C04F79EFBC}") = "Unity.TextMeshPro", "Unity.TextMeshPro.csproj", "{60D6CE84-CF5D-B416-8604-FC9BFEF26084}"
EndProject
Project("{FAE04EC0-301F-11D3-BF4B-00C04F79EFBC}") = "Unity.AI.Navigation", "Unity.AI.Navigation.csproj", "{4488B728-2549-A66F-0FF2-7D92B4B9976F}"
EndProject
Project("{FAE04EC0-301F-11D3-BF4B-00C04F79EFBC}") = "Unity.InputSystem.TestFramework", "Unity.InputSystem.TestFramework.csproj", "{93434539-62CA-FA34-075D-083B8807FF88}"
EndProject
Project("{FAE04EC0-301F-11D3-BF4B-00C04F79EFBC}") = "UnityEditor.TestRunner", "UnityEditor.TestRunner.csproj", "{394345A3-A7D7-71D7-099F-B92FD108E8AA}"
EndProject
Project("{FAE04EC0-301F-11D3-BF4B-00C04F79EFBC}") = "Unity.PlasticSCM.Editor", "Unity.PlasticSCM.Editor.csproj", "{D41DC604-CA56-0994-2985-07CB9C2346B6}"
EndProject
Project("{FAE04EC0-301F-11D3-BF4B-00C04F79EFBC}") = "UnityEditor.UI", "UnityEditor.UI.csproj", "{41279729-19F7-788B-5184-1D7D44AAA732}"
EndProject
Project("{FAE04EC0-301F-11D3-BF4B-00C04F79EFBC}") = "Unity.Timeline.Editor", "Unity.Timeline.Editor.csproj", "{1CAA004F-1FF4-FAEE-8D0E-D5FB85348F3A}"
EndProject
Project("{FAE04EC0-301F-11D3-BF4B-00C04F79EFBC}") = "Unity.VisualStudio.Editor", "Unity.VisualStudio.Editor.csproj", "{9B32A8A5-1FDA-6B84-C8BE-4407D74EC750}"
EndProject
Project("{FAE04EC0-301F-11D3-BF4B-00C04F79EFBC}") = "Unity.TextMeshPro.Editor", "Unity.TextMeshPro.Editor.csproj", "{277AC4CB-BF31-DBDE-99A4-9581727669F9}"
EndProject
Project("{FAE04EC0-301F-11D3-BF4B-00C04F79EFBC}") = "Assembly-CSharp-Editor", "Assembly-CSharp-Editor.csproj", "{BB6FAF97-A3E0-A2BD-7097-0AE78D1FB445}"
EndProject
Project("{FAE04EC0-301F-11D3-BF4B-00C04F79EFBC}") = "Unity.Rider.Editor", "Unity.Rider.Editor.csproj", "{F74D710C-DB6C-45C6-FE0E-EF054FFC064B}"
EndProject
Project("{FAE04EC0-301F-11D3-BF4B-00C04F79EFBC}") = "Unity.AI.Navigation.Editor", "Unity.AI.Navigation.Editor.csproj", "{8C044A86-597E-4268-7BAE-83F9C1EAE5A5}"
EndProject
Project("{FAE04EC0-301F-11D3-BF4B-00C04F79EFBC}") = "Unity.AI.Navigation.Editor.ConversionSystem", "Unity.AI.Navigation.Editor.ConversionSystem.csproj", "{51637CB4-43C8-28DC-2A29-0E3332CB5E99}"
EndProject
Project("{FAE04EC0-301F-11D3-BF4B-00C04F79EFBC}") = "Unity.VSCode.Editor", "Unity.VSCode.Editor.csproj", "{A6183BFE-4E5C-08FD-DCFB-AB83B4968580}"
EndProject
Project("{FAE04EC0-301F-11D3-BF4B-00C04F79EFBC}") = "Unity.AI.Navigation.Updater", "Unity.AI.Navigation.Updater.csproj", "{A84C514F-54DF-CB68-8A81-EFCFC1422CCB}"
EndProject
Project("{FAE04EC0-301F-11D3-BF4B-00C04F79EFBC}") = "Unity.CollabProxy.Editor", "Unity.CollabProxy.Editor.csproj", "{81B878E5-639A-6EAA-5CFF-2CD37E6B767C}"
EndProject
Project("{FAE04EC0-301F-11D3-BF4B-00C04F79EFBC}") = "UnityEngine.UI", "UnityEngine.UI.Player.csproj", "{6B232051-9099-DFCA-2CFB-BF538F272CFD}"
EndProject
Project("{FAE04EC0-301F-11D3-BF4B-00C04F79EFBC}") = "UnityEngine.TestRunner", "UnityEngine.TestRunner.Player.csproj", "{39572B2D-4088-F3C2-F5F8-03C0721E86C1}"
EndProject
Project("{FAE04EC0-301F-11D3-BF4B-00C04F79EFBC}") = "Unity.InputSystem", "Unity.InputSystem.Player.csproj", "{075AB6C7-28ED-145F-5C07-4151DB5A5C7B}"
EndProject
Project("{FAE04EC0-301F-11D3-BF4B-00C04F79EFBC}") = "Assembly-CSharp", "Assembly-CSharp.Player.csproj", "{7050A98D-ACA4-6009-B30C-25E3047D9E41}"
EndProject
Project("{FAE04EC0-301F-11D3-BF4B-00C04F79EFBC}") = "Unity.Timeline", "Unity.Timeline.Player.csproj", "{B5E4AD8B-65AF-3D40-37D6-4AFD45417F8C}"
EndProject
Project("{FAE04EC0-301F-11D3-BF4B-00C04F79EFBC}") = "Unity.TextMeshPro", "Unity.TextMeshPro.Player.csproj", "{4E5C6A7C-6851-F49B-AE69-C39980302AAB}"
EndProject
Project("{FAE04EC0-301F-11D3-BF4B-00C04F79EFBC}") = "Unity.AI.Navigation", "Unity.AI.Navigation.Player.csproj", "{4ED7E157-5873-A7BA-FD53-5A025B3B0D7B}"
EndProject
Project("{FAE04EC0-301F-11D3-BF4B-00C04F79EFBC}") = "Unity.InputSystem.TestFramework", "Unity.InputSystem.TestFramework.Player.csproj", "{47E8B933-C10F-58D5-6056-12D23B39EFBE}"
EndProject
Global
	GlobalSection(SolutionConfigurationPlatforms) = preSolution
		Debug|Any CPU = Debug|Any CPU
		Release|Any CPU = Release|Any CPU
	EndGlobalSection
	GlobalSection(ProjectConfigurationPlatforms) = postSolution
		{CDD1704A-1F42-F504-6D6E-9C104F0465AF}.Debug|Any CPU.ActiveCfg = Debug|Any CPU
		{CDD1704A-1F42-F504-6D6E-9C104F0465AF}.Debug|Any CPU.Build.0 = Debug|Any CPU
		{CDD1704A-1F42-F504-6D6E-9C104F0465AF}.Release|Any CPU.ActiveCfg = Release|Any CPU
		{CDD1704A-1F42-F504-6D6E-9C104F0465AF}.Release|Any CPU.Build.0 = Release|Any CPU
		{BF23B7DB-89A1-62BC-751E-A745BA55F2AC}.Debug|Any CPU.ActiveCfg = Debug|Any CPU
		{BF23B7DB-89A1-62BC-751E-A745BA55F2AC}.Debug|Any CPU.Build.0 = Debug|Any CPU
		{BF23B7DB-89A1-62BC-751E-A745BA55F2AC}.Release|Any CPU.ActiveCfg = Release|Any CPU
		{BF23B7DB-89A1-62BC-751E-A745BA55F2AC}.Release|Any CPU.Build.0 = Release|Any CPU
		{DFC0D81F-1DE1-2075-9CF3-8BA407DB3B74}.Debug|Any CPU.ActiveCfg = Debug|Any CPU
		{DFC0D81F-1DE1-2075-9CF3-8BA407DB3B74}.Debug|Any CPU.Build.0 = Debug|Any CPU
		{DFC0D81F-1DE1-2075-9CF3-8BA407DB3B74}.Release|Any CPU.ActiveCfg = Release|Any CPU
		{DFC0D81F-1DE1-2075-9CF3-8BA407DB3B74}.Release|Any CPU.Build.0 = Release|Any CPU
		{844DA2E6-F436-2613-5B42-3215A172D0B4}.Debug|Any CPU.ActiveCfg = Debug|Any CPU
		{844DA2E6-F436-2613-5B42-3215A172D0B4}.Debug|Any CPU.Build.0 = Debug|Any CPU
		{844DA2E6-F436-2613-5B42-3215A172D0B4}.Release|Any CPU.ActiveCfg = Release|Any CPU
		{844DA2E6-F436-2613-5B42-3215A172D0B4}.Release|Any CPU.Build.0 = Release|Any CPU
		{5A85EF9D-B7C5-AA8E-5F25-EFF59E14E0DE}.Debug|Any CPU.ActiveCfg = Debug|Any CPU
		{5A85EF9D-B7C5-AA8E-5F25-EFF59E14E0DE}.Debug|Any CPU.Build.0 = Debug|Any CPU
		{5A85EF9D-B7C5-AA8E-5F25-EFF59E14E0DE}.Release|Any CPU.ActiveCfg = Release|Any CPU
		{5A85EF9D-B7C5-AA8E-5F25-EFF59E14E0DE}.Release|Any CPU.Build.0 = Release|Any CPU
		{60D6CE84-CF5D-B416-8604-FC9BFEF26084}.Debug|Any CPU.ActiveCfg = Debug|Any CPU
		{60D6CE84-CF5D-B416-8604-FC9BFEF26084}.Debug|Any CPU.Build.0 = Debug|Any CPU
		{60D6CE84-CF5D-B416-8604-FC9BFEF26084}.Release|Any CPU.ActiveCfg = Release|Any CPU
		{60D6CE84-CF5D-B416-8604-FC9BFEF26084}.Release|Any CPU.Build.0 = Release|Any CPU
		{4488B728-2549-A66F-0FF2-7D92B4B9976F}.Debug|Any CPU.ActiveCfg = Debug|Any CPU
		{4488B728-2549-A66F-0FF2-7D92B4B9976F}.Debug|Any CPU.Build.0 = Debug|Any CPU
		{4488B728-2549-A66F-0FF2-7D92B4B9976F}.Release|Any CPU.ActiveCfg = Release|Any CPU
		{4488B728-2549-A66F-0FF2-7D92B4B9976F}.Release|Any CPU.Build.0 = Release|Any CPU
		{93434539-62CA-FA34-075D-083B8807FF88}.Debug|Any CPU.ActiveCfg = Debug|Any CPU
		{93434539-62CA-FA34-075D-083B8807FF88}.Debug|Any CPU.Build.0 = Debug|Any CPU
		{93434539-62CA-FA34-075D-083B8807FF88}.Release|Any CPU.ActiveCfg = Release|Any CPU
		{93434539-62CA-FA34-075D-083B8807FF88}.Release|Any CPU.Build.0 = Release|Any CPU
		{394345A3-A7D7-71D7-099F-B92FD108E8AA}.Debug|Any CPU.ActiveCfg = Debug|Any CPU
		{394345A3-A7D7-71D7-099F-B92FD108E8AA}.Debug|Any CPU.Build.0 = Debug|Any CPU
		{394345A3-A7D7-71D7-099F-B92FD108E8AA}.Release|Any CPU.ActiveCfg = Release|Any CPU
		{394345A3-A7D7-71D7-099F-B92FD108E8AA}.Release|Any CPU.Build.0 = Release|Any CPU
		{D41DC604-CA56-0994-2985-07CB9C2346B6}.Debug|Any CPU.ActiveCfg = Debug|Any CPU
		{D41DC604-CA56-0994-2985-07CB9C2346B6}.Debug|Any CPU.Build.0 = Debug|Any CPU
		{D41DC604-CA56-0994-2985-07CB9C2346B6}.Release|Any CPU.ActiveCfg = Release|Any CPU
		{D41DC604-CA56-0994-2985-07CB9C2346B6}.Release|Any CPU.Build.0 = Release|Any CPU
		{41279729-19F7-788B-5184-1D7D44AAA732}.Debug|Any CPU.ActiveCfg = Debug|Any CPU
		{41279729-19F7-788B-5184-1D7D44AAA732}.Debug|Any CPU.Build.0 = Debug|Any CPU
		{41279729-19F7-788B-5184-1D7D44AAA732}.Release|Any CPU.ActiveCfg = Release|Any CPU
		{41279729-19F7-788B-5184-1D7D44AAA732}.Release|Any CPU.Build.0 = Release|Any CPU
		{1CAA004F-1FF4-FAEE-8D0E-D5FB85348F3A}.Debug|Any CPU.ActiveCfg = Debug|Any CPU
		{1CAA004F-1FF4-FAEE-8D0E-D5FB85348F3A}.Debug|Any CPU.Build.0 = Debug|Any CPU
		{1CAA004F-1FF4-FAEE-8D0E-D5FB85348F3A}.Release|Any CPU.ActiveCfg = Release|Any CPU
		{1CAA004F-1FF4-FAEE-8D0E-D5FB85348F3A}.Release|Any CPU.Build.0 = Release|Any CPU
		{9B32A8A5-1FDA-6B84-C8BE-4407D74EC750}.Debug|Any CPU.ActiveCfg = Debug|Any CPU
		{9B32A8A5-1FDA-6B84-C8BE-4407D74EC750}.Debug|Any CPU.Build.0 = Debug|Any CPU
		{9B32A8A5-1FDA-6B84-C8BE-4407D74EC750}.Release|Any CPU.ActiveCfg = Release|Any CPU
		{9B32A8A5-1FDA-6B84-C8BE-4407D74EC750}.Release|Any CPU.Build.0 = Release|Any CPU
		{277AC4CB-BF31-DBDE-99A4-9581727669F9}.Debug|Any CPU.ActiveCfg = Debug|Any CPU
		{277AC4CB-BF31-DBDE-99A4-9581727669F9}.Debug|Any CPU.Build.0 = Debug|Any CPU
		{277AC4CB-BF31-DBDE-99A4-9581727669F9}.Release|Any CPU.ActiveCfg = Release|Any CPU
		{277AC4CB-BF31-DBDE-99A4-9581727669F9}.Release|Any CPU.Build.0 = Release|Any CPU
		{BB6FAF97-A3E0-A2BD-7097-0AE78D1FB445}.Debug|Any CPU.ActiveCfg = Debug|Any CPU
		{BB6FAF97-A3E0-A2BD-7097-0AE78D1FB445}.Debug|Any CPU.Build.0 = Debug|Any CPU
		{BB6FAF97-A3E0-A2BD-7097-0AE78D1FB445}.Release|Any CPU.ActiveCfg = Release|Any CPU
		{BB6FAF97-A3E0-A2BD-7097-0AE78D1FB445}.Release|Any CPU.Build.0 = Release|Any CPU
		{F74D710C-DB6C-45C6-FE0E-EF054FFC064B}.Debug|Any CPU.ActiveCfg = Debug|Any CPU
		{F74D710C-DB6C-45C6-FE0E-EF054FFC064B}.Debug|Any CPU.Build.0 = Debug|Any CPU
		{F74D710C-DB6C-45C6-FE0E-EF054FFC064B}.Release|Any CPU.ActiveCfg = Release|Any CPU
		{F74D710C-DB6C-45C6-FE0E-EF054FFC064B}.Release|Any CPU.Build.0 = Release|Any CPU
		{8C044A86-597E-4268-7BAE-83F9C1EAE5A5}.Debug|Any CPU.ActiveCfg = Debug|Any CPU
		{8C044A86-597E-4268-7BAE-83F9C1EAE5A5}.Debug|Any CPU.Build.0 = Debug|Any CPU
		{8C044A86-597E-4268-7BAE-83F9C1EAE5A5}.Release|Any CPU.ActiveCfg = Release|Any CPU
		{8C044A86-597E-4268-7BAE-83F9C1EAE5A5}.Release|Any CPU.Build.0 = Release|Any CPU
		{51637CB4-43C8-28DC-2A29-0E3332CB5E99}.Debug|Any CPU.ActiveCfg = Debug|Any CPU
		{51637CB4-43C8-28DC-2A29-0E3332CB5E99}.Debug|Any CPU.Build.0 = Debug|Any CPU
		{51637CB4-43C8-28DC-2A29-0E3332CB5E99}.Release|Any CPU.ActiveCfg = Release|Any CPU
		{51637CB4-43C8-28DC-2A29-0E3332CB5E99}.Release|Any CPU.Build.0 = Release|Any CPU
		{A6183BFE-4E5C-08FD-DCFB-AB83B4968580}.Debug|Any CPU.ActiveCfg = Debug|Any CPU
		{A6183BFE-4E5C-08FD-DCFB-AB83B4968580}.Debug|Any CPU.Build.0 = Debug|Any CPU
		{A6183BFE-4E5C-08FD-DCFB-AB83B4968580}.Release|Any CPU.ActiveCfg = Release|Any CPU
		{A6183BFE-4E5C-08FD-DCFB-AB83B4968580}.Release|Any CPU.Build.0 = Release|Any CPU
		{A84C514F-54DF-CB68-8A81-EFCFC1422CCB}.Debug|Any CPU.ActiveCfg = Debug|Any CPU
		{A84C514F-54DF-CB68-8A81-EFCFC1422CCB}.Debug|Any CPU.Build.0 = Debug|Any CPU
		{A84C514F-54DF-CB68-8A81-EFCFC1422CCB}.Release|Any CPU.ActiveCfg = Release|Any CPU
		{A84C514F-54DF-CB68-8A81-EFCFC1422CCB}.Release|Any CPU.Build.0 = Release|Any CPU
		{81B878E5-639A-6EAA-5CFF-2CD37E6B767C}.Debug|Any CPU.ActiveCfg = Debug|Any CPU
		{81B878E5-639A-6EAA-5CFF-2CD37E6B767C}.Debug|Any CPU.Build.0 = Debug|Any CPU
		{81B878E5-639A-6EAA-5CFF-2CD37E6B767C}.Release|Any CPU.ActiveCfg = Release|Any CPU
		{81B878E5-639A-6EAA-5CFF-2CD37E6B767C}.Release|Any CPU.Build.0 = Release|Any CPU
		{6B232051-9099-DFCA-2CFB-BF538F272CFD}.Debug|Any CPU.ActiveCfg = Debug|Any CPU
		{6B232051-9099-DFCA-2CFB-BF538F272CFD}.Debug|Any CPU.Build.0 = Debug|Any CPU
		{6B232051-9099-DFCA-2CFB-BF538F272CFD}.Release|Any CPU.ActiveCfg = Release|Any CPU
		{6B232051-9099-DFCA-2CFB-BF538F272CFD}.Release|Any CPU.Build.0 = Release|Any CPU
		{39572B2D-4088-F3C2-F5F8-03C0721E86C1}.Debug|Any CPU.ActiveCfg = Debug|Any CPU
		{39572B2D-4088-F3C2-F5F8-03C0721E86C1}.Debug|Any CPU.Build.0 = Debug|Any CPU
		{39572B2D-4088-F3C2-F5F8-03C0721E86C1}.Release|Any CPU.ActiveCfg = Release|Any CPU
		{39572B2D-4088-F3C2-F5F8-03C0721E86C1}.Release|Any CPU.Build.0 = Release|Any CPU
		{075AB6C7-28ED-145F-5C07-4151DB5A5C7B}.Debug|Any CPU.ActiveCfg = Debug|Any CPU
		{075AB6C7-28ED-145F-5C07-4151DB5A5C7B}.Debug|Any CPU.Build.0 = Debug|Any CPU
		{075AB6C7-28ED-145F-5C07-4151DB5A5C7B}.Release|Any CPU.ActiveCfg = Release|Any CPU
		{075AB6C7-28ED-145F-5C07-4151DB5A5C7B}.Release|Any CPU.Build.0 = Release|Any CPU
		{7050A98D-ACA4-6009-B30C-25E3047D9E41}.Debug|Any CPU.ActiveCfg = Debug|Any CPU
		{7050A98D-ACA4-6009-B30C-25E3047D9E41}.Debug|Any CPU.Build.0 = Debug|Any CPU
		{7050A98D-ACA4-6009-B30C-25E3047D9E41}.Release|Any CPU.ActiveCfg = Release|Any CPU
		{7050A98D-ACA4-6009-B30C-25E3047D9E41}.Release|Any CPU.Build.0 = Release|Any CPU
		{B5E4AD8B-65AF-3D40-37D6-4AFD45417F8C}.Debug|Any CPU.ActiveCfg = Debug|Any CPU
		{B5E4AD8B-65AF-3D40-37D6-4AFD45417F8C}.Debug|Any CPU.Build.0 = Debug|Any CPU
		{B5E4AD8B-65AF-3D40-37D6-4AFD45417F8C}.Release|Any CPU.ActiveCfg = Release|Any CPU
		{B5E4AD8B-65AF-3D40-37D6-4AFD45417F8C}.Release|Any CPU.Build.0 = Release|Any CPU
		{4E5C6A7C-6851-F49B-AE69-C39980302AAB}.Debug|Any CPU.ActiveCfg = Debug|Any CPU
		{4E5C6A7C-6851-F49B-AE69-C39980302AAB}.Debug|Any CPU.Build.0 = Debug|Any CPU
		{4E5C6A7C-6851-F49B-AE69-C39980302AAB}.Release|Any CPU.ActiveCfg = Release|Any CPU
		{4E5C6A7C-6851-F49B-AE69-C39980302AAB}.Release|Any CPU.Build.0 = Release|Any CPU
		{4ED7E157-5873-A7BA-FD53-5A025B3B0D7B}.Debug|Any CPU.ActiveCfg = Debug|Any CPU
		{4ED7E157-5873-A7BA-FD53-5A025B3B0D7B}.Debug|Any CPU.Build.0 = Debug|Any CPU
		{4ED7E157-5873-A7BA-FD53-5A025B3B0D7B}.Release|Any CPU.ActiveCfg = Release|Any CPU
		{4ED7E157-5873-A7BA-FD53-5A025B3B0D7B}.Release|Any CPU.Build.0 = Release|Any CPU
		{47E8B933-C10F-58D5-6056-12D23B39EFBE}.Debug|Any CPU.ActiveCfg = Debug|Any CPU
		{47E8B933-C10F-58D5-6056-12D23B39EFBE}.Debug|Any CPU.Build.0 = Debug|Any CPU
		{47E8B933-C10F-58D5-6056-12D23B39EFBE}.Release|Any CPU.ActiveCfg = Release|Any CPU
		{47E8B933-C10F-58D5-6056-12D23B39EFBE}.Release|Any CPU.Build.0 = Release|Any CPU
	EndGlobalSection
	GlobalSection(SolutionProperties) = preSolution
		HideSolutionNode = FALSE
	EndGlobalSection
EndGlobal
